
Microsoft Visual Studio Solution File, Format Version 12.00
# Visual Studio Version 16
VisualStudioVersion = 16.0.35826.135
MinimumVisualStudioVersion = 10.0.40219.1
Project("{FAE04EC0-301F-11D3-BF4B-00C04F79EFBC}") = "peugeot308can", "ConsoleApp2\peugeot308can.csproj", "{55AE77FC-CB56-4B6C-8FFB-67D1C04E7D31}"
EndProject
Global
	GlobalSection(SolutionConfigurationPlatforms) = preSolution
		Debug|Any CPU = Debug|Any CPU
		Release|Any CPU = Release|Any CPU
	EndGlobalSection
	GlobalSection(ProjectConfigurationPlatforms) = postSolution
		{55AE77FC-CB56-4B6C-8FFB-67D1C04E7D31}.Debug|Any CPU.ActiveCfg = Debug|Any CPU
		{55AE77FC-CB56-4B6C-8FFB-67D1C04E7D31}.Debug|Any CPU.Build.0 = Debug|Any CPU
		{55AE77FC-CB56-4B6C-8FFB-67D1C04E7D31}.Release|Any CPU.ActiveCfg = Release|Any CPU
		{55AE77FC-CB56-4B6C-8FFB-67D1C04E7D31}.Release|Any CPU.Build.0 = Release|Any CPU
	EndGlobalSection
	GlobalSection(SolutionProperties) = preSolution
		HideSolutionNode = FALSE
	EndGlobalSection
	GlobalSection(ExtensibilityGlobals) = postSolution
		SolutionGuid = {62D381AC-EB88-4F99-B312-D99CC88B95D2}
	EndGlobalSection
EndGlobal
